// !$*UTF8*$!
{
	archiveVersion = 1;
	classes = {
	};
	objectVersion = 46;
	objects = {

/* Begin PBXBuildFile section */
		BE1E34B814A8DBF70022689A /* TestRssItem.m in Sources */ = {isa = PBXBuildFile; fileRef = BE1E34B714A8DBF70022689A /* TestRssItem.m */; };
		BE8B320C14A3BE2B0098A44F /* Foundation.framework in Frameworks */ = {isa = PBXBuildFile; fileRef = BE8B320B14A3BE2B0098A44F /* Foundation.framework */; };
		BE8B321214A3BE2B0098A44F /* RssKit.m in Sources */ = {isa = PBXBuildFile; fileRef = BE8B321114A3BE2B0098A44F /* RssKit.m */; };
		BE8B321A14A3BE2B0098A44F /* SenTestingKit.framework in Frameworks */ = {isa = PBXBuildFile; fileRef = BE8B321914A3BE2B0098A44F /* SenTestingKit.framework */; };
		BE8B321C14A3BE2B0098A44F /* UIKit.framework in Frameworks */ = {isa = PBXBuildFile; fileRef = BE8B321B14A3BE2B0098A44F /* UIKit.framework */; };
		BE8B321D14A3BE2B0098A44F /* Foundation.framework in Frameworks */ = {isa = PBXBuildFile; fileRef = BE8B320B14A3BE2B0098A44F /* Foundation.framework */; };
		BE8B322014A3BE2B0098A44F /* libRssKit.a in Frameworks */ = {isa = PBXBuildFile; fileRef = BE8B320814A3BE2B0098A44F /* libRssKit.a */; };
		BE8B322614A3BE2B0098A44F /* InfoPlist.strings in Resources */ = {isa = PBXBuildFile; fileRef = BE8B322414A3BE2B0098A44F /* InfoPlist.strings */; };
		BE8B322914A3BE2B0098A44F /* RssKitTests.m in Sources */ = {isa = PBXBuildFile; fileRef = BE8B322814A3BE2B0098A44F /* RssKitTests.m */; };
		BE8B324614A3BE6A0098A44F /* RssCategory.h in Headers */ = {isa = PBXBuildFile; fileRef = BE8B323214A3BE6A0098A44F /* RssCategory.h */; };
		BE8B324714A3BE6A0098A44F /* RssCategory.m in Sources */ = {isa = PBXBuildFile; fileRef = BE8B323314A3BE6A0098A44F /* RssCategory.m */; };
		BE8B324814A3BE6A0098A44F /* RssCategory.m in Sources */ = {isa = PBXBuildFile; fileRef = BE8B323314A3BE6A0098A44F /* RssCategory.m */; };
		BE8B324914A3BE6A0098A44F /* RssChannel.h in Headers */ = {isa = PBXBuildFile; fileRef = BE8B323414A3BE6A0098A44F /* RssChannel.h */; };
		BE8B324A14A3BE6A0098A44F /* RssChannel.m in Sources */ = {isa = PBXBuildFile; fileRef = BE8B323514A3BE6A0098A44F /* RssChannel.m */; };
		BE8B324B14A3BE6A0098A44F /* RssChannel.m in Sources */ = {isa = PBXBuildFile; fileRef = BE8B323514A3BE6A0098A44F /* RssChannel.m */; };
		BE8B324C14A3BE6A0098A44F /* RssCloud.h in Headers */ = {isa = PBXBuildFile; fileRef = BE8B323614A3BE6A0098A44F /* RssCloud.h */; };
		BE8B324D14A3BE6A0098A44F /* RssCloud.m in Sources */ = {isa = PBXBuildFile; fileRef = BE8B323714A3BE6A0098A44F /* RssCloud.m */; };
		BE8B324E14A3BE6A0098A44F /* RssCloud.m in Sources */ = {isa = PBXBuildFile; fileRef = BE8B323714A3BE6A0098A44F /* RssCloud.m */; };
		BE8B324F14A3BE6A0098A44F /* RssEnclosure.h in Headers */ = {isa = PBXBuildFile; fileRef = BE8B323814A3BE6A0098A44F /* RssEnclosure.h */; };
		BE8B325014A3BE6A0098A44F /* RssEnclosure.m in Sources */ = {isa = PBXBuildFile; fileRef = BE8B323914A3BE6A0098A44F /* RssEnclosure.m */; };
		BE8B325114A3BE6A0098A44F /* RssEnclosure.m in Sources */ = {isa = PBXBuildFile; fileRef = BE8B323914A3BE6A0098A44F /* RssEnclosure.m */; };
		BE8B325214A3BE6A0098A44F /* RssImage.h in Headers */ = {isa = PBXBuildFile; fileRef = BE8B323A14A3BE6A0098A44F /* RssImage.h */; };
		BE8B325314A3BE6A0098A44F /* RssImage.m in Sources */ = {isa = PBXBuildFile; fileRef = BE8B323B14A3BE6A0098A44F /* RssImage.m */; };
		BE8B325414A3BE6A0098A44F /* RssImage.m in Sources */ = {isa = PBXBuildFile; fileRef = BE8B323B14A3BE6A0098A44F /* RssImage.m */; };
		BE8B325514A3BE6A0098A44F /* RssItem.h in Headers */ = {isa = PBXBuildFile; fileRef = BE8B323C14A3BE6A0098A44F /* RssItem.h */; };
		BE8B325614A3BE6A0098A44F /* RssItem.m in Sources */ = {isa = PBXBuildFile; fileRef = BE8B323D14A3BE6A0098A44F /* RssItem.m */; };
		BE8B325714A3BE6A0098A44F /* RssItem.m in Sources */ = {isa = PBXBuildFile; fileRef = BE8B323D14A3BE6A0098A44F /* RssItem.m */; };
		BE8B325814A3BE6A0098A44F /* RssLocator.h in Headers */ = {isa = PBXBuildFile; fileRef = BE8B323E14A3BE6A0098A44F /* RssLocator.h */; };
		BE8B325914A3BE6A0098A44F /* RssLocator.m in Sources */ = {isa = PBXBuildFile; fileRef = BE8B323F14A3BE6A0098A44F /* RssLocator.m */; };
		BE8B325A14A3BE6A0098A44F /* RssLocator.m in Sources */ = {isa = PBXBuildFile; fileRef = BE8B323F14A3BE6A0098A44F /* RssLocator.m */; };
		BE8B325B14A3BE6A0098A44F /* RssRoot.h in Headers */ = {isa = PBXBuildFile; fileRef = BE8B324014A3BE6A0098A44F /* RssRoot.h */; };
		BE8B325C14A3BE6A0098A44F /* RssRoot.m in Sources */ = {isa = PBXBuildFile; fileRef = BE8B324114A3BE6A0098A44F /* RssRoot.m */; };
		BE8B325D14A3BE6A0098A44F /* RssRoot.m in Sources */ = {isa = PBXBuildFile; fileRef = BE8B324114A3BE6A0098A44F /* RssRoot.m */; };
		BE8B325E14A3BE6A0098A44F /* RssSource.h in Headers */ = {isa = PBXBuildFile; fileRef = BE8B324214A3BE6A0098A44F /* RssSource.h */; };
		BE8B325F14A3BE6A0098A44F /* RssSource.m in Sources */ = {isa = PBXBuildFile; fileRef = BE8B324314A3BE6A0098A44F /* RssSource.m */; };
		BE8B326014A3BE6A0098A44F /* RssSource.m in Sources */ = {isa = PBXBuildFile; fileRef = BE8B324314A3BE6A0098A44F /* RssSource.m */; };
		BE8B326114A3BE6A0098A44F /* RssTextInput.h in Headers */ = {isa = PBXBuildFile; fileRef = BE8B324414A3BE6A0098A44F /* RssTextInput.h */; };
		BE8B326214A3BE6A0098A44F /* RssTextInput.m in Sources */ = {isa = PBXBuildFile; fileRef = BE8B324514A3BE6A0098A44F /* RssTextInput.m */; };
		BE8B326314A3BE6A0098A44F /* RssTextInput.m in Sources */ = {isa = PBXBuildFile; fileRef = BE8B324514A3BE6A0098A44F /* RssTextInput.m */; };
		BED43A8914A3D060001968B3 /* libxml2.dylib in Frameworks */ = {isa = PBXBuildFile; fileRef = BED43A8814A3D060001968B3 /* libxml2.dylib */; };
		BED43A8E14A3D1E4001968B3 /* libxml2.dylib in Frameworks */ = {isa = PBXBuildFile; fileRef = BED43A8814A3D060001968B3 /* libxml2.dylib */; };
		BED43A9114A3D342001968B3 /* TestRssLocator.m in Sources */ = {isa = PBXBuildFile; fileRef = BED43A9014A3D342001968B3 /* TestRssLocator.m */; };
		BED43A9414A3D9BF001968B3 /* TestRssRoot.m in Sources */ = {isa = PBXBuildFile; fileRef = BED43A9314A3D9BF001968B3 /* TestRssRoot.m */; };
		BED43A9714A3DAF8001968B3 /* TestRssChannel.m in Sources */ = {isa = PBXBuildFile; fileRef = BED43A9614A3DAF8001968B3 /* TestRssChannel.m */; };
		BED43AA114A447D0001968B3 /* sample.xml in Resources */ = {isa = PBXBuildFile; fileRef = BED43AA014A447D0001968B3 /* sample.xml */; };
		BEF000C914A51A88005ADE5C /* sample2.xml in Resources */ = {isa = PBXBuildFile; fileRef = BEF000C714A50DFE005ADE5C /* sample2.xml */; };
/* End PBXBuildFile section */

/* Begin PBXContainerItemProxy section */
		BE8B321E14A3BE2B0098A44F /* PBXContainerItemProxy */ = {
			isa = PBXContainerItemProxy;
			containerPortal = BE8B31FF14A3BE2B0098A44F /* Project object */;
			proxyType = 1;
			remoteGlobalIDString = BE8B320714A3BE2B0098A44F;
			remoteInfo = RssKit;
		};
/* End PBXContainerItemProxy section */

/* Begin PBXFileReference section */
		BE1E34B614A8DBF70022689A /* TestRssItem.h */ = {isa = PBXFileReference; fileEncoding = 4; lastKnownFileType = sourcecode.c.h; path = TestRssItem.h; sourceTree = "<group>"; };
		BE1E34B714A8DBF70022689A /* TestRssItem.m */ = {isa = PBXFileReference; fileEncoding = 4; lastKnownFileType = sourcecode.c.objc; path = TestRssItem.m; sourceTree = "<group>"; };
		BE1E34BD14A93C960022689A /* LICENSE */ = {isa = PBXFileReference; fileEncoding = 4; lastKnownFileType = text; path = LICENSE; sourceTree = "<group>"; };
		BE8B320814A3BE2B0098A44F /* libRssKit.a */ = {isa = PBXFileReference; explicitFileType = archive.ar; includeInIndex = 0; path = libRssKit.a; sourceTree = BUILT_PRODUCTS_DIR; };
		BE8B320B14A3BE2B0098A44F /* Foundation.framework */ = {isa = PBXFileReference; lastKnownFileType = wrapper.framework; name = Foundation.framework; path = System/Library/Frameworks/Foundation.framework; sourceTree = SDKROOT; };
		BE8B320F14A3BE2B0098A44F /* RssKit-Prefix.pch */ = {isa = PBXFileReference; lastKnownFileType = sourcecode.c.h; path = "RssKit-Prefix.pch"; sourceTree = "<group>"; };
		BE8B321014A3BE2B0098A44F /* RssKit.h */ = {isa = PBXFileReference; lastKnownFileType = sourcecode.c.h; path = RssKit.h; sourceTree = "<group>"; };
		BE8B321114A3BE2B0098A44F /* RssKit.m */ = {isa = PBXFileReference; lastKnownFileType = sourcecode.c.objc; path = RssKit.m; sourceTree = "<group>"; };
		BE8B321814A3BE2B0098A44F /* RssKitTests.octest */ = {isa = PBXFileReference; explicitFileType = wrapper.cfbundle; includeInIndex = 0; path = RssKitTests.octest; sourceTree = BUILT_PRODUCTS_DIR; };
		BE8B321914A3BE2B0098A44F /* SenTestingKit.framework */ = {isa = PBXFileReference; lastKnownFileType = wrapper.framework; name = SenTestingKit.framework; path = Library/Frameworks/SenTestingKit.framework; sourceTree = DEVELOPER_DIR; };
		BE8B321B14A3BE2B0098A44F /* UIKit.framework */ = {isa = PBXFileReference; lastKnownFileType = wrapper.framework; name = UIKit.framework; path = Library/Frameworks/UIKit.framework; sourceTree = DEVELOPER_DIR; };
		BE8B322314A3BE2B0098A44F /* RssKitTests-Info.plist */ = {isa = PBXFileReference; lastKnownFileType = text.plist.xml; path = "RssKitTests-Info.plist"; sourceTree = "<group>"; };
		BE8B322514A3BE2B0098A44F /* en */ = {isa = PBXFileReference; lastKnownFileType = text.plist.strings; name = en; path = en.lproj/InfoPlist.strings; sourceTree = "<group>"; };
		BE8B322714A3BE2B0098A44F /* RssKitTests.h */ = {isa = PBXFileReference; lastKnownFileType = sourcecode.c.h; path = RssKitTests.h; sourceTree = "<group>"; };
		BE8B322814A3BE2B0098A44F /* RssKitTests.m */ = {isa = PBXFileReference; lastKnownFileType = sourcecode.c.objc; path = RssKitTests.m; sourceTree = "<group>"; };
		BE8B323214A3BE6A0098A44F /* RssCategory.h */ = {isa = PBXFileReference; fileEncoding = 4; lastKnownFileType = sourcecode.c.h; path = RssCategory.h; sourceTree = "<group>"; };
		BE8B323314A3BE6A0098A44F /* RssCategory.m */ = {isa = PBXFileReference; fileEncoding = 4; lastKnownFileType = sourcecode.c.objc; path = RssCategory.m; sourceTree = "<group>"; };
		BE8B323414A3BE6A0098A44F /* RssChannel.h */ = {isa = PBXFileReference; fileEncoding = 4; lastKnownFileType = sourcecode.c.h; path = RssChannel.h; sourceTree = "<group>"; };
		BE8B323514A3BE6A0098A44F /* RssChannel.m */ = {isa = PBXFileReference; fileEncoding = 4; lastKnownFileType = sourcecode.c.objc; path = RssChannel.m; sourceTree = "<group>"; };
		BE8B323614A3BE6A0098A44F /* RssCloud.h */ = {isa = PBXFileReference; fileEncoding = 4; lastKnownFileType = sourcecode.c.h; path = RssCloud.h; sourceTree = "<group>"; };
		BE8B323714A3BE6A0098A44F /* RssCloud.m */ = {isa = PBXFileReference; fileEncoding = 4; lastKnownFileType = sourcecode.c.objc; path = RssCloud.m; sourceTree = "<group>"; };
		BE8B323814A3BE6A0098A44F /* RssEnclosure.h */ = {isa = PBXFileReference; fileEncoding = 4; lastKnownFileType = sourcecode.c.h; path = RssEnclosure.h; sourceTree = "<group>"; };
		BE8B323914A3BE6A0098A44F /* RssEnclosure.m */ = {isa = PBXFileReference; fileEncoding = 4; lastKnownFileType = sourcecode.c.objc; path = RssEnclosure.m; sourceTree = "<group>"; };
		BE8B323A14A3BE6A0098A44F /* RssImage.h */ = {isa = PBXFileReference; fileEncoding = 4; lastKnownFileType = sourcecode.c.h; path = RssImage.h; sourceTree = "<group>"; };
		BE8B323B14A3BE6A0098A44F /* RssImage.m */ = {isa = PBXFileReference; fileEncoding = 4; lastKnownFileType = sourcecode.c.objc; path = RssImage.m; sourceTree = "<group>"; };
		BE8B323C14A3BE6A0098A44F /* RssItem.h */ = {isa = PBXFileReference; fileEncoding = 4; lastKnownFileType = sourcecode.c.h; path = RssItem.h; sourceTree = "<group>"; };
		BE8B323D14A3BE6A0098A44F /* RssItem.m */ = {isa = PBXFileReference; fileEncoding = 4; lastKnownFileType = sourcecode.c.objc; path = RssItem.m; sourceTree = "<group>"; };
		BE8B323E14A3BE6A0098A44F /* RssLocator.h */ = {isa = PBXFileReference; fileEncoding = 4; lastKnownFileType = sourcecode.c.h; path = RssLocator.h; sourceTree = "<group>"; };
		BE8B323F14A3BE6A0098A44F /* RssLocator.m */ = {isa = PBXFileReference; fileEncoding = 4; lastKnownFileType = sourcecode.c.objc; path = RssLocator.m; sourceTree = "<group>"; };
		BE8B324014A3BE6A0098A44F /* RssRoot.h */ = {isa = PBXFileReference; fileEncoding = 4; lastKnownFileType = sourcecode.c.h; path = RssRoot.h; sourceTree = "<group>"; };
		BE8B324114A3BE6A0098A44F /* RssRoot.m */ = {isa = PBXFileReference; fileEncoding = 4; lastKnownFileType = sourcecode.c.objc; path = RssRoot.m; sourceTree = "<group>"; };
		BE8B324214A3BE6A0098A44F /* RssSource.h */ = {isa = PBXFileReference; fileEncoding = 4; lastKnownFileType = sourcecode.c.h; path = RssSource.h; sourceTree = "<group>"; };
		BE8B324314A3BE6A0098A44F /* RssSource.m */ = {isa = PBXFileReference; fileEncoding = 4; lastKnownFileType = sourcecode.c.objc; path = RssSource.m; sourceTree = "<group>"; };
		BE8B324414A3BE6A0098A44F /* RssTextInput.h */ = {isa = PBXFileReference; fileEncoding = 4; lastKnownFileType = sourcecode.c.h; path = RssTextInput.h; sourceTree = "<group>"; };
		BE8B324514A3BE6A0098A44F /* RssTextInput.m */ = {isa = PBXFileReference; fileEncoding = 4; lastKnownFileType = sourcecode.c.objc; path = RssTextInput.m; sourceTree = "<group>"; };
		BED43A8814A3D060001968B3 /* libxml2.dylib */ = {isa = PBXFileReference; lastKnownFileType = "compiled.mach-o.dylib"; name = libxml2.dylib; path = usr/lib/libxml2.dylib; sourceTree = SDKROOT; };
		BED43A8F14A3D342001968B3 /* TestRssLocator.h */ = {isa = PBXFileReference; fileEncoding = 4; lastKnownFileType = sourcecode.c.h; path = TestRssLocator.h; sourceTree = "<group>"; };
		BED43A9014A3D342001968B3 /* TestRssLocator.m */ = {isa = PBXFileReference; fileEncoding = 4; lastKnownFileType = sourcecode.c.objc; path = TestRssLocator.m; sourceTree = "<group>"; };
		BED43A9214A3D9BF001968B3 /* TestRssRoot.h */ = {isa = PBXFileReference; fileEncoding = 4; lastKnownFileType = sourcecode.c.h; path = TestRssRoot.h; sourceTree = "<group>"; };
		BED43A9314A3D9BF001968B3 /* TestRssRoot.m */ = {isa = PBXFileReference; fileEncoding = 4; lastKnownFileType = sourcecode.c.objc; path = TestRssRoot.m; sourceTree = "<group>"; };
		BED43A9514A3DAF8001968B3 /* TestRssChannel.h */ = {isa = PBXFileReference; fileEncoding = 4; lastKnownFileType = sourcecode.c.h; path = TestRssChannel.h; sourceTree = "<group>"; };
		BED43A9614A3DAF8001968B3 /* TestRssChannel.m */ = {isa = PBXFileReference; fileEncoding = 4; lastKnownFileType = sourcecode.c.objc; path = TestRssChannel.m; sourceTree = "<group>"; };
		BED43AA014A447D0001968B3 /* sample.xml */ = {isa = PBXFileReference; fileEncoding = 4; lastKnownFileType = text.xml; path = sample.xml; sourceTree = "<group>"; };
		BEF000C714A50DFE005ADE5C /* sample2.xml */ = {isa = PBXFileReference; fileEncoding = 4; lastKnownFileType = text.xml; path = sample2.xml; sourceTree = "<group>"; };
/* End PBXFileReference section */

/* Begin PBXFrameworksBuildPhase section */
		BE8B320514A3BE2B0098A44F /* Frameworks */ = {
			isa = PBXFrameworksBuildPhase;
			buildActionMask = 2147483647;
			files = (
				BED43A8914A3D060001968B3 /* libxml2.dylib in Frameworks */,
				BE8B320C14A3BE2B0098A44F /* Foundation.framework in Frameworks */,
			);
			runOnlyForDeploymentPostprocessing = 0;
		};
		BE8B321414A3BE2B0098A44F /* Frameworks */ = {
			isa = PBXFrameworksBuildPhase;
			buildActionMask = 2147483647;
			files = (
				BED43A8E14A3D1E4001968B3 /* libxml2.dylib in Frameworks */,
				BE8B321A14A3BE2B0098A44F /* SenTestingKit.framework in Frameworks */,
				BE8B321C14A3BE2B0098A44F /* UIKit.framework in Frameworks */,
				BE8B321D14A3BE2B0098A44F /* Foundation.framework in Frameworks */,
				BE8B322014A3BE2B0098A44F /* libRssKit.a in Frameworks */,
			);
			runOnlyForDeploymentPostprocessing = 0;
		};
/* End PBXFrameworksBuildPhase section */

/* Begin PBXGroup section */
		BE8B31FD14A3BE2B0098A44F = {
			isa = PBXGroup;
			children = (
				BED43A8814A3D060001968B3 /* libxml2.dylib */,
				BE8B320D14A3BE2B0098A44F /* RssKit */,
				BE8B322114A3BE2B0098A44F /* RssKitTests */,
				BE8B320A14A3BE2B0098A44F /* Frameworks */,
				BE8B320914A3BE2B0098A44F /* Products */,
			);
			sourceTree = "<group>";
		};
		BE8B320914A3BE2B0098A44F /* Products */ = {
			isa = PBXGroup;
			children = (
				BE8B320814A3BE2B0098A44F /* libRssKit.a */,
				BE8B321814A3BE2B0098A44F /* RssKitTests.octest */,
			);
			name = Products;
			sourceTree = "<group>";
		};
		BE8B320A14A3BE2B0098A44F /* Frameworks */ = {
			isa = PBXGroup;
			children = (
				BE8B320B14A3BE2B0098A44F /* Foundation.framework */,
				BE8B321914A3BE2B0098A44F /* SenTestingKit.framework */,
				BE8B321B14A3BE2B0098A44F /* UIKit.framework */,
			);
			name = Frameworks;
			sourceTree = "<group>";
		};
		BE8B320D14A3BE2B0098A44F /* RssKit */ = {
			isa = PBXGroup;
			children = (
				BE8B323214A3BE6A0098A44F /* RssCategory.h */,
				BE8B323314A3BE6A0098A44F /* RssCategory.m */,
				BE8B323414A3BE6A0098A44F /* RssChannel.h */,
				BE8B323514A3BE6A0098A44F /* RssChannel.m */,
				BE8B323614A3BE6A0098A44F /* RssCloud.h */,
				BE8B323714A3BE6A0098A44F /* RssCloud.m */,
				BE8B323814A3BE6A0098A44F /* RssEnclosure.h */,
				BE8B323914A3BE6A0098A44F /* RssEnclosure.m */,
				BE8B323A14A3BE6A0098A44F /* RssImage.h */,
				BE8B323B14A3BE6A0098A44F /* RssImage.m */,
				BE8B323C14A3BE6A0098A44F /* RssItem.h */,
				BE8B323D14A3BE6A0098A44F /* RssItem.m */,
				BE8B323E14A3BE6A0098A44F /* RssLocator.h */,
				BE8B323F14A3BE6A0098A44F /* RssLocator.m */,
				BE8B324014A3BE6A0098A44F /* RssRoot.h */,
				BE8B324114A3BE6A0098A44F /* RssRoot.m */,
				BE8B324214A3BE6A0098A44F /* RssSource.h */,
				BE8B324314A3BE6A0098A44F /* RssSource.m */,
				BE8B324414A3BE6A0098A44F /* RssTextInput.h */,
				BE8B324514A3BE6A0098A44F /* RssTextInput.m */,
				BE8B321014A3BE2B0098A44F /* RssKit.h */,
				BE8B321114A3BE2B0098A44F /* RssKit.m */,
				BE8B320E14A3BE2B0098A44F /* Supporting Files */,
			);
			path = RssKit;
			sourceTree = "<group>";
		};
		BE8B320E14A3BE2B0098A44F /* Supporting Files */ = {
			isa = PBXGroup;
			children = (
				BE8B320F14A3BE2B0098A44F /* RssKit-Prefix.pch */,
				BE1E34BD14A93C960022689A /* LICENSE */,
			);
			name = "Supporting Files";
			sourceTree = "<group>";
		};
		BE8B322114A3BE2B0098A44F /* RssKitTests */ = {
			isa = PBXGroup;
			children = (
				BE8B322714A3BE2B0098A44F /* RssKitTests.h */,
				BE8B322814A3BE2B0098A44F /* RssKitTests.m */,
				BE8B322214A3BE2B0098A44F /* Supporting Files */,
				BED43A8F14A3D342001968B3 /* TestRssLocator.h */,
				BED43A9014A3D342001968B3 /* TestRssLocator.m */,
				BED43A9214A3D9BF001968B3 /* TestRssRoot.h */,
				BED43A9314A3D9BF001968B3 /* TestRssRoot.m */,
				BED43A9514A3DAF8001968B3 /* TestRssChannel.h */,
				BED43A9614A3DAF8001968B3 /* TestRssChannel.m */,
				BE1E34B614A8DBF70022689A /* TestRssItem.h */,
				BE1E34B714A8DBF70022689A /* TestRssItem.m */,
			);
			path = RssKitTests;
			sourceTree = "<group>";
		};
		BE8B322214A3BE2B0098A44F /* Supporting Files */ = {
			isa = PBXGroup;
			children = (
				BE8B322314A3BE2B0098A44F /* RssKitTests-Info.plist */,
				BE8B322414A3BE2B0098A44F /* InfoPlist.strings */,
				BED43AA014A447D0001968B3 /* sample.xml */,
				BEF000C714A50DFE005ADE5C /* sample2.xml */,
			);
			name = "Supporting Files";
			sourceTree = "<group>";
		};
/* End PBXGroup section */

/* Begin PBXHeadersBuildPhase section */
		BE8B320614A3BE2B0098A44F /* Headers */ = {
			isa = PBXHeadersBuildPhase;
			buildActionMask = 2147483647;
			files = (
				BE8B324614A3BE6A0098A44F /* RssCategory.h in Headers */,
				BE8B324914A3BE6A0098A44F /* RssChannel.h in Headers */,
				BE8B324C14A3BE6A0098A44F /* RssCloud.h in Headers */,
				BE8B324F14A3BE6A0098A44F /* RssEnclosure.h in Headers */,
				BE8B325214A3BE6A0098A44F /* RssImage.h in Headers */,
				BE8B325514A3BE6A0098A44F /* RssItem.h in Headers */,
				BE8B325814A3BE6A0098A44F /* RssLocator.h in Headers */,
				BE8B325B14A3BE6A0098A44F /* RssRoot.h in Headers */,
				BE8B325E14A3BE6A0098A44F /* RssSource.h in Headers */,
				BE8B326114A3BE6A0098A44F /* RssTextInput.h in Headers */,
			);
			runOnlyForDeploymentPostprocessing = 0;
		};
/* End PBXHeadersBuildPhase section */

/* Begin PBXNativeTarget section */
		BE8B320714A3BE2B0098A44F /* RssKit */ = {
			isa = PBXNativeTarget;
			buildConfigurationList = BE8B322C14A3BE2B0098A44F /* Build configuration list for PBXNativeTarget "RssKit" */;
			buildPhases = (
				BE8B320414A3BE2B0098A44F /* Sources */,
				BE8B320514A3BE2B0098A44F /* Frameworks */,
				BE8B320614A3BE2B0098A44F /* Headers */,
			);
			buildRules = (
			);
			dependencies = (
			);
			name = RssKit;
			productName = RssKit;
			productReference = BE8B320814A3BE2B0098A44F /* libRssKit.a */;
			productType = "com.apple.product-type.library.static";
		};
		BE8B321714A3BE2B0098A44F /* RssKitTests */ = {
			isa = PBXNativeTarget;
			buildConfigurationList = BE8B322F14A3BE2B0098A44F /* Build configuration list for PBXNativeTarget "RssKitTests" */;
			buildPhases = (
				BE8B321314A3BE2B0098A44F /* Sources */,
				BE8B321414A3BE2B0098A44F /* Frameworks */,
				BE8B321514A3BE2B0098A44F /* Resources */,
				BE8B321614A3BE2B0098A44F /* ShellScript */,
			);
			buildRules = (
			);
			dependencies = (
				BE8B321F14A3BE2B0098A44F /* PBXTargetDependency */,
			);
			name = RssKitTests;
			productName = RssKitTests;
			productReference = BE8B321814A3BE2B0098A44F /* RssKitTests.octest */;
			productType = "com.apple.product-type.bundle";
		};
/* End PBXNativeTarget section */

/* Begin PBXProject section */
		BE8B31FF14A3BE2B0098A44F /* Project object */ = {
			isa = PBXProject;
			attributes = {
				LastUpgradeCheck = 0420;
			};
			buildConfigurationList = BE8B320214A3BE2B0098A44F /* Build configuration list for PBXProject "RssKit" */;
			compatibilityVersion = "Xcode 3.2";
			developmentRegion = English;
			hasScannedForEncodings = 0;
			knownRegions = (
				en,
			);
			mainGroup = BE8B31FD14A3BE2B0098A44F;
			productRefGroup = BE8B320914A3BE2B0098A44F /* Products */;
			projectDirPath = "";
			projectRoot = "";
			targets = (
				BE8B320714A3BE2B0098A44F /* RssKit */,
				BE8B321714A3BE2B0098A44F /* RssKitTests */,
			);
		};
/* End PBXProject section */

/* Begin PBXResourcesBuildPhase section */
		BE8B321514A3BE2B0098A44F /* Resources */ = {
			isa = PBXResourcesBuildPhase;
			buildActionMask = 2147483647;
			files = (
				BE8B322614A3BE2B0098A44F /* InfoPlist.strings in Resources */,
				BED43AA114A447D0001968B3 /* sample.xml in Resources */,
				BEF000C914A51A88005ADE5C /* sample2.xml in Resources */,
			);
			runOnlyForDeploymentPostprocessing = 0;
		};
/* End PBXResourcesBuildPhase section */

/* Begin PBXShellScriptBuildPhase section */
		BE8B321614A3BE2B0098A44F /* ShellScript */ = {
			isa = PBXShellScriptBuildPhase;
			buildActionMask = 2147483647;
			files = (
			);
			inputPaths = (
			);
			outputPaths = (
			);
			runOnlyForDeploymentPostprocessing = 0;
			shellPath = /bin/sh;
			shellScript = "# Run the unit tests in this test bundle.\n\"${SYSTEM_DEVELOPER_DIR}/Tools/RunUnitTests\"\n";
		};
/* End PBXShellScriptBuildPhase section */

/* Begin PBXSourcesBuildPhase section */
		BE8B320414A3BE2B0098A44F /* Sources */ = {
			isa = PBXSourcesBuildPhase;
			buildActionMask = 2147483647;
			files = (
				BE8B321214A3BE2B0098A44F /* RssKit.m in Sources */,
				BE8B324714A3BE6A0098A44F /* RssCategory.m in Sources */,
				BE8B324A14A3BE6A0098A44F /* RssChannel.m in Sources */,
				BE8B324D14A3BE6A0098A44F /* RssCloud.m in Sources */,
				BE8B325014A3BE6A0098A44F /* RssEnclosure.m in Sources */,
				BE8B325314A3BE6A0098A44F /* RssImage.m in Sources */,
				BE8B325614A3BE6A0098A44F /* RssItem.m in Sources */,
				BE8B325914A3BE6A0098A44F /* RssLocator.m in Sources */,
				BE8B325C14A3BE6A0098A44F /* RssRoot.m in Sources */,
				BE8B325F14A3BE6A0098A44F /* RssSource.m in Sources */,
				BE8B326214A3BE6A0098A44F /* RssTextInput.m in Sources */,
			);
			runOnlyForDeploymentPostprocessing = 0;
		};
		BE8B321314A3BE2B0098A44F /* Sources */ = {
			isa = PBXSourcesBuildPhase;
			buildActionMask = 2147483647;
			files = (
				BE8B322914A3BE2B0098A44F /* RssKitTests.m in Sources */,
				BE8B324814A3BE6A0098A44F /* RssCategory.m in Sources */,
				BE8B324B14A3BE6A0098A44F /* RssChannel.m in Sources */,
				BE8B324E14A3BE6A0098A44F /* RssCloud.m in Sources */,
				BE8B325114A3BE6A0098A44F /* RssEnclosure.m in Sources */,
				BE8B325414A3BE6A0098A44F /* RssImage.m in Sources */,
				BE8B325714A3BE6A0098A44F /* RssItem.m in Sources */,
				BE8B325A14A3BE6A0098A44F /* RssLocator.m in Sources */,
				BE8B325D14A3BE6A0098A44F /* RssRoot.m in Sources */,
				BE8B326014A3BE6A0098A44F /* RssSource.m in Sources */,
				BE8B326314A3BE6A0098A44F /* RssTextInput.m in Sources */,
				BED43A9114A3D342001968B3 /* TestRssLocator.m in Sources */,
				BED43A9414A3D9BF001968B3 /* TestRssRoot.m in Sources */,
				BED43A9714A3DAF8001968B3 /* TestRssChannel.m in Sources */,
				BE1E34B814A8DBF70022689A /* TestRssItem.m in Sources */,
			);
			runOnlyForDeploymentPostprocessing = 0;
		};
/* End PBXSourcesBuildPhase section */

/* Begin PBXTargetDependency section */
		BE8B321F14A3BE2B0098A44F /* PBXTargetDependency */ = {
			isa = PBXTargetDependency;
			target = BE8B320714A3BE2B0098A44F /* RssKit */;
			targetProxy = BE8B321E14A3BE2B0098A44F /* PBXContainerItemProxy */;
		};
/* End PBXTargetDependency section */

/* Begin PBXVariantGroup section */
		BE8B322414A3BE2B0098A44F /* InfoPlist.strings */ = {
			isa = PBXVariantGroup;
			children = (
				BE8B322514A3BE2B0098A44F /* en */,
			);
			name = InfoPlist.strings;
			sourceTree = "<group>";
		};
/* End PBXVariantGroup section */

/* Begin XCBuildConfiguration section */
		BE8B322A14A3BE2B0098A44F /* Debug */ = {
			isa = XCBuildConfiguration;
			buildSettings = {
				ALWAYS_SEARCH_USER_PATHS = NO;
				ARCHS = "$(ARCHS_STANDARD_32_BIT)";
				CLANG_ENABLE_OBJC_ARC = YES;
				COPY_PHASE_STRIP = NO;
				GCC_C_LANGUAGE_STANDARD = gnu99;
				GCC_DYNAMIC_NO_PIC = NO;
				GCC_OPTIMIZATION_LEVEL = 0;
				GCC_PREPROCESSOR_DEFINITIONS = (
					"DEBUG=1",
					"$(inherited)",
				);
				GCC_SYMBOLS_PRIVATE_EXTERN = NO;
				GCC_VERSION = com.apple.compilers.llvm.clang.1_0;
				GCC_WARN_ABOUT_MISSING_PROTOTYPES = YES;
				GCC_WARN_ABOUT_RETURN_TYPE = YES;
				GCC_WARN_UNUSED_VARIABLE = YES;
				IPHONEOS_DEPLOYMENT_TARGET = 5.0;
				SDKROOT = iphoneos;
			};
			name = Debug;
		};
		BE8B322B14A3BE2B0098A44F /* Release */ = {
			isa = XCBuildConfiguration;
			buildSettings = {
				ALWAYS_SEARCH_USER_PATHS = NO;
				ARCHS = "$(ARCHS_STANDARD_32_BIT)";
				CLANG_ENABLE_OBJC_ARC = YES;
				COPY_PHASE_STRIP = YES;
				GCC_C_LANGUAGE_STANDARD = gnu99;
				GCC_VERSION = com.apple.compilers.llvm.clang.1_0;
				GCC_WARN_ABOUT_MISSING_PROTOTYPES = YES;
				GCC_WARN_ABOUT_RETURN_TYPE = YES;
				GCC_WARN_UNUSED_VARIABLE = YES;
				IPHONEOS_DEPLOYMENT_TARGET = 5.0;
				SDKROOT = iphoneos;
				VALIDATE_PRODUCT = YES;
			};
			name = Release;
		};
		BE8B322D14A3BE2B0098A44F /* Debug */ = {
			isa = XCBuildConfiguration;
			buildSettings = {
				DSTROOT = /tmp/RssKit.dst;
				GCC_PRECOMPILE_PREFIX_HEADER = YES;
				GCC_PREFIX_HEADER = "RssKit/RssKit-Prefix.pch";
				HEADER_SEARCH_PATHS = /usr/include/libxml2;
				OTHER_LDFLAGS = "-ObjC";
				PRODUCT_NAME = "$(TARGET_NAME)";
				SKIP_INSTALL = YES;
			};
			name = Debug;
		};
		BE8B322E14A3BE2B0098A44F /* Release */ = {
			isa = XCBuildConfiguration;
			buildSettings = {
				DSTROOT = /tmp/RssKit.dst;
				GCC_PRECOMPILE_PREFIX_HEADER = YES;
				GCC_PREFIX_HEADER = "RssKit/RssKit-Prefix.pch";
				HEADER_SEARCH_PATHS = /usr/include/libxml2;
				OTHER_LDFLAGS = "-ObjC";
				PRODUCT_NAME = "$(TARGET_NAME)";
				SKIP_INSTALL = YES;
			};
			name = Release;
		};
		BE8B323014A3BE2B0098A44F /* Debug */ = {
			isa = XCBuildConfiguration;
			buildSettings = {
				FRAMEWORK_SEARCH_PATHS = (
					"$(SDKROOT)/Developer/Library/Frameworks",
					"$(DEVELOPER_LIBRARY_DIR)/Frameworks",
				);
				GCC_PRECOMPILE_PREFIX_HEADER = YES;
				GCC_PREFIX_HEADER = "RssKit/RssKit-Prefix.pch";
				HEADER_SEARCH_PATHS = /usr/include/libxml2;
				INFOPLIST_FILE = "RssKitTests/RssKitTests-Info.plist";
				PRODUCT_NAME = "$(TARGET_NAME)";
				WRAPPER_EXTENSION = octest;
			};
			name = Debug;
		};
		BE8B323114A3BE2B0098A44F /* Release */ = {
			isa = XCBuildConfiguration;
			buildSettings = {
				FRAMEWORK_SEARCH_PATHS = (
					"$(SDKROOT)/Developer/Library/Frameworks",
					"$(DEVELOPER_LIBRARY_DIR)/Frameworks",
				);
				GCC_PRECOMPILE_PREFIX_HEADER = YES;
				GCC_PREFIX_HEADER = "RssKit/RssKit-Prefix.pch";
				HEADER_SEARCH_PATHS = /usr/include/libxml2;
				INFOPLIST_FILE = "RssKitTests/RssKitTests-Info.plist";
				PRODUCT_NAME = "$(TARGET_NAME)";
				WRAPPER_EXTENSION = octest;
			};
			name = Release;
		};
/* End XCBuildConfiguration section */

/* Begin XCConfigurationList section */
		BE8B320214A3BE2B0098A44F /* Build configuration list for PBXProject "RssKit" */ = {
			isa = XCConfigurationList;
			buildConfigurations = (
				BE8B322A14A3BE2B0098A44F /* Debug */,
				BE8B322B14A3BE2B0098A44F /* Release */,
			);
			defaultConfigurationIsVisible = 0;
			defaultConfigurationName = Release;
		};
		BE8B322C14A3BE2B0098A44F /* Build configuration list for PBXNativeTarget "RssKit" */ = {
			isa = XCConfigurationList;
			buildConfigurations = (
				BE8B322D14A3BE2B0098A44F /* Debug */,
				BE8B322E14A3BE2B0098A44F /* Release */,
			);
			defaultConfigurationIsVisible = 0;
			defaultConfigurationName = Release;
		};
		BE8B322F14A3BE2B0098A44F /* Build configuration list for PBXNativeTarget "RssKitTests" */ = {
			isa = XCConfigurationList;
			buildConfigurations = (
				BE8B323014A3BE2B0098A44F /* Debug */,
				BE8B323114A3BE2B0098A44F /* Release */,
			);
			defaultConfigurationIsVisible = 0;
			defaultConfigurationName = Release;
		};
/* End XCConfigurationList section */
	};
	rootObject = BE8B31FF14A3BE2B0098A44F /* Project object */;
}
